
Microsoft Visual Studio Solution File, Format Version 12.00
# Visual Studio Version 17
VisualStudioVersion = 17.3.32901.215
MinimumVisualStudioVersion = 10.0.40219.1
Project("{9A19103F-16F7-4668-BE54-9A1E7A4F7556}") = "Heleonix.Guard", "Heleonix.Guard\Heleonix.Guard.csproj", "{B744C864-3D66-4CCA-82DD-E9BD2B92036F}"
EndProject
Project("{2150E333-8FDC-42A3-9474-1A3956D46DE8}") = "Solution Items", "Solution Items", "{821F4DCA-092C-422A-AF03-522FDCFF5065}"
	ProjectSection(SolutionItems) = preProject
		.gitignore = .gitignore
		LICENSE = LICENSE
		README.md = README.md
		stylecop.json = stylecop.json
		SharedPackageInfo.props = SharedPackageInfo.props
	EndProjectSection
EndProject
Project("{9A19103F-16F7-4668-BE54-9A1E7A4F7556}") = "Heleonix.Guard.Tests", "Heleonix.Guard.Tests\Heleonix.Guard.Tests.csproj", "{B35408E2-D592-4157-997A-21611F54D54D}"
EndProject
Project("{2150E333-8FDC-42A3-9474-1A3956D46DE8}") = "Sources", "Sources", "{412A5D12-9FA9-4FC3-B9CC-5B7042B3DED6}"
EndProject
Project("{2150E333-8FDC-42A3-9474-1A3956D46DE8}") = "Tests", "Tests", "{EAC2C115-3FA8-481B-9A34-F9058125539E}"
EndProject
Global
	GlobalSection(SolutionConfigurationPlatforms) = preSolution
		Debug|Any CPU = Debug|Any CPU
		Release|Any CPU = Release|Any CPU
	EndGlobalSection
	GlobalSection(ProjectConfigurationPlatforms) = postSolution
		{B744C864-3D66-4CCA-82DD-E9BD2B92036F}.Debug|Any CPU.ActiveCfg = Debug|Any CPU
		{B744C864-3D66-4CCA-82DD-E9BD2B92036F}.Debug|Any CPU.Build.0 = Debug|Any CPU
		{B744C864-3D66-4CCA-82DD-E9BD2B92036F}.Release|Any CPU.ActiveCfg = Release|Any CPU
		{B744C864-3D66-4CCA-82DD-E9BD2B92036F}.Release|Any CPU.Build.0 = Release|Any CPU
		{B35408E2-D592-4157-997A-21611F54D54D}.Debug|Any CPU.ActiveCfg = Debug|Any CPU
		{B35408E2-D592-4157-997A-21611F54D54D}.Debug|Any CPU.Build.0 = Debug|Any CPU
		{B35408E2-D592-4157-997A-21611F54D54D}.Release|Any CPU.ActiveCfg = Release|Any CPU
		{B35408E2-D592-4157-997A-21611F54D54D}.Release|Any CPU.Build.0 = Release|Any CPU
	EndGlobalSection
	GlobalSection(SolutionProperties) = preSolution
		HideSolutionNode = FALSE
	EndGlobalSection
	GlobalSection(NestedProjects) = preSolution
		{B744C864-3D66-4CCA-82DD-E9BD2B92036F} = {412A5D12-9FA9-4FC3-B9CC-5B7042B3DED6}
		{B35408E2-D592-4157-997A-21611F54D54D} = {EAC2C115-3FA8-481B-9A34-F9058125539E}
	EndGlobalSection
	GlobalSection(ExtensibilityGlobals) = postSolution
		SolutionGuid = {573294B1-A3DA-448C-82D2-32CBD25BDE69}
	EndGlobalSection
EndGlobal
